
Microsoft Visual Studio Solution File, Format Version 12.00
# Visual Studio Version 16
VisualStudioVersion = 16.0.29123.88
MinimumVisualStudioVersion = 10.0.40219.1
Project("{9092AA53-FB77-4645-B42D-1CCCA6BD08BD}") = "Roomate-app", "Roomate-app\Roomate-app.njsproj", "{DEA6C5A1-2482-4588-9313-F802634F88D0}"
EndProject
Global
	GlobalSection(SolutionConfigurationPlatforms) = preSolution
		Debug|Any CPU = Debug|Any CPU
		Release|Any CPU = Release|Any CPU
	EndGlobalSection
	GlobalSection(ProjectConfigurationPlatforms) = postSolution
		{DEA6C5A1-2482-4588-9313-F802634F88D0}.Debug|Any CPU.ActiveCfg = Debug|Any CPU
		{DEA6C5A1-2482-4588-9313-F802634F88D0}.Debug|Any CPU.Build.0 = Debug|Any CPU
		{DEA6C5A1-2482-4588-9313-F802634F88D0}.Release|Any CPU.ActiveCfg = Release|Any CPU
		{DEA6C5A1-2482-4588-9313-F802634F88D0}.Release|Any CPU.Build.0 = Release|Any CPU
	EndGlobalSection
	GlobalSection(SolutionProperties) = preSolution
		HideSolutionNode = FALSE
	EndGlobalSection
	GlobalSection(ExtensibilityGlobals) = postSolution
		SolutionGuid = {719924C8-3B76-4700-A85F-C18ECFE47168}
	EndGlobalSection
EndGlobal
